
Microsoft Visual Studio Solution File, Format Version 12.00
# Visual Studio Version 16
VisualStudioVersion = 16.0.29609.76
MinimumVisualStudioVersion = 10.0.40219.1
Project("{FAE04EC0-301F-11D3-BF4B-00C04F79EFBC}") = "ConsumeRest2020", "ConsumeRest2020.csproj", "{B182E414-3E0D-43B9-876D-D9B1D41B93CE}"
EndProject
Global
	GlobalSection(SolutionConfigurationPlatforms) = preSolution
		Debug|Any CPU = Debug|Any CPU
		Release|Any CPU = Release|Any CPU
	EndGlobalSection
	GlobalSection(ProjectConfigurationPlatforms) = postSolution
		{B182E414-3E0D-43B9-876D-D9B1D41B93CE}.Debug|Any CPU.ActiveCfg = Debug|Any CPU
		{B182E414-3E0D-43B9-876D-D9B1D41B93CE}.Debug|Any CPU.Build.0 = Debug|Any CPU
		{B182E414-3E0D-43B9-876D-D9B1D41B93CE}.Release|Any CPU.ActiveCfg = Release|Any CPU
		{B182E414-3E0D-43B9-876D-D9B1D41B93CE}.Release|Any CPU.Build.0 = Release|Any CPU
	EndGlobalSection
	GlobalSection(SolutionProperties) = preSolution
		HideSolutionNode = FALSE
	EndGlobalSection
	GlobalSection(ExtensibilityGlobals) = postSolution
		SolutionGuid = {43535ABA-19A9-4BED-9B3F-7CB1E4CE57AE}
	EndGlobalSection
EndGlobal
